
Microsoft Visual Studio Solution File, Format Version 12.00
# Visual Studio Version 16
VisualStudioVersion = 16.0.30907.101
MinimumVisualStudioVersion = 10.0.40219.1
Project("{FAE04EC0-301F-11D3-BF4B-00C04F79EFBC}") = "eMovieStore", "eMovieStore\eMovieStore.csproj", "{BED99D91-E64D-4B56-8A72-328F907CD6D8}"
EndProject
Global
	GlobalSection(SolutionConfigurationPlatforms) = preSolution
		Debug|Any CPU = Debug|Any CPU
		Release|Any CPU = Release|Any CPU
	EndGlobalSection
	GlobalSection(ProjectConfigurationPlatforms) = postSolution
		{BED99D91-E64D-4B56-8A72-328F907CD6D8}.Debug|Any CPU.ActiveCfg = Debug|Any CPU
		{BED99D91-E64D-4B56-8A72-328F907CD6D8}.Debug|Any CPU.Build.0 = Debug|Any CPU
		{BED99D91-E64D-4B56-8A72-328F907CD6D8}.Release|Any CPU.ActiveCfg = Release|Any CPU
		{BED99D91-E64D-4B56-8A72-328F907CD6D8}.Release|Any CPU.Build.0 = Release|Any CPU
	EndGlobalSection
	GlobalSection(SolutionProperties) = preSolution
		HideSolutionNode = FALSE
	EndGlobalSection
	GlobalSection(ExtensibilityGlobals) = postSolution
		SolutionGuid = {6A6A491B-B463-4480-B11D-5D50A2AD990D}
	EndGlobalSection
EndGlobal
